
Microsoft Visual Studio Solution File, Format Version 12.00
# Visual Studio Version 17
VisualStudioVersion = 17.9.34622.214
MinimumVisualStudioVersion = 10.0.40219.1
Project("{9A19103F-16F7-4668-BE54-9A1E7A4F7556}") = "SisProg", "SisProg\SisProg.csproj", "{1945639F-1274-4887-8CC4-A6CFE5810425}"
EndProject
Project("{9A19103F-16F7-4668-BE54-9A1E7A4F7556}") = "ConsoleTaskManager", "ConsoleTaskManager\ConsoleTaskManager.csproj", "{76E6C545-8ECA-420A-BFBB-E0359EEB3D55}"
EndProject
Project("{9A19103F-16F7-4668-BE54-9A1E7A4F7556}") = "WindowProcessProject", "WindowProcessProject\WindowProcessProject.csproj", "{D69E4174-25B6-4334-B766-3DDA4D606F8C}"
EndProject
Project("{9A19103F-16F7-4668-BE54-9A1E7A4F7556}") = "ProcessManipulation", "ProcessManipulation\ProcessManipulation.csproj", "{CD37AA14-EF7A-4535-97D8-26D2A9781753}"
EndProject
Project("{9A19103F-16F7-4668-BE54-9A1E7A4F7556}") = "ChildProcess1", "ChildProcess1\ChildProcess1.csproj", "{652AED8E-8DB9-4CFF-8657-AB6FD1BB83F6}"
EndProject
Project("{9A19103F-16F7-4668-BE54-9A1E7A4F7556}") = "ChildProcess2", "ChildProcess2\ChildProcess2.csproj", "{FEE3CA63-CF54-4F5D-9DA3-D9626EA1D507}"
EndProject
Project("{9A19103F-16F7-4668-BE54-9A1E7A4F7556}") = "ThreadProject", "ThreadProject\ThreadProject.csproj", "{50DC82CD-382C-4FA1-B5A3-2A1C78812D1A}"
EndProject
Project("{9A19103F-16F7-4668-BE54-9A1E7A4F7556}") = "PictureLoad", "PictureLoad\PictureLoad.csproj", "{E167DB3D-3261-4567-B8DB-D13AD94A3E62}"
EndProject
Project("{2150E333-8FDC-42A3-9474-1A3956D46DE8}") = "Solution Items", "Solution Items", "{A6DF2354-76E4-48AD-8693-70D3EB525261}"
	ProjectSection(SolutionItems) = preProject
		.editorconfig = .editorconfig
	EndProjectSection
EndProject
Project("{FAE04EC0-301F-11D3-BF4B-00C04F79EFBC}") = "SynchroThread", "SynchroThread\SynchroThread.csproj", "{2EC3E265-C344-49D8-9A9E-B23CC467683F}"
EndProject
Project("{FAE04EC0-301F-11D3-BF4B-00C04F79EFBC}") = "TPLStart", "TPLStart\TPLStart.csproj", "{F764A2F8-9313-4CA0-9B97-BD6B0A39490B}"
EndProject
Global
	GlobalSection(SolutionConfigurationPlatforms) = preSolution
		Debug|Any CPU = Debug|Any CPU
		Release|Any CPU = Release|Any CPU
	EndGlobalSection
	GlobalSection(ProjectConfigurationPlatforms) = postSolution
		{1945639F-1274-4887-8CC4-A6CFE5810425}.Debug|Any CPU.ActiveCfg = Debug|Any CPU
		{1945639F-1274-4887-8CC4-A6CFE5810425}.Debug|Any CPU.Build.0 = Debug|Any CPU
		{1945639F-1274-4887-8CC4-A6CFE5810425}.Release|Any CPU.ActiveCfg = Release|Any CPU
		{1945639F-1274-4887-8CC4-A6CFE5810425}.Release|Any CPU.Build.0 = Release|Any CPU
		{76E6C545-8ECA-420A-BFBB-E0359EEB3D55}.Debug|Any CPU.ActiveCfg = Debug|Any CPU
		{76E6C545-8ECA-420A-BFBB-E0359EEB3D55}.Debug|Any CPU.Build.0 = Debug|Any CPU
		{76E6C545-8ECA-420A-BFBB-E0359EEB3D55}.Release|Any CPU.ActiveCfg = Release|Any CPU
		{76E6C545-8ECA-420A-BFBB-E0359EEB3D55}.Release|Any CPU.Build.0 = Release|Any CPU
		{D69E4174-25B6-4334-B766-3DDA4D606F8C}.Debug|Any CPU.ActiveCfg = Debug|Any CPU
		{D69E4174-25B6-4334-B766-3DDA4D606F8C}.Debug|Any CPU.Build.0 = Debug|Any CPU
		{D69E4174-25B6-4334-B766-3DDA4D606F8C}.Release|Any CPU.ActiveCfg = Release|Any CPU
		{D69E4174-25B6-4334-B766-3DDA4D606F8C}.Release|Any CPU.Build.0 = Release|Any CPU
		{CD37AA14-EF7A-4535-97D8-26D2A9781753}.Debug|Any CPU.ActiveCfg = Debug|Any CPU
		{CD37AA14-EF7A-4535-97D8-26D2A9781753}.Debug|Any CPU.Build.0 = Debug|Any CPU
		{CD37AA14-EF7A-4535-97D8-26D2A9781753}.Release|Any CPU.ActiveCfg = Release|Any CPU
		{CD37AA14-EF7A-4535-97D8-26D2A9781753}.Release|Any CPU.Build.0 = Release|Any CPU
		{652AED8E-8DB9-4CFF-8657-AB6FD1BB83F6}.Debug|Any CPU.ActiveCfg = Debug|Any CPU
		{652AED8E-8DB9-4CFF-8657-AB6FD1BB83F6}.Debug|Any CPU.Build.0 = Debug|Any CPU
		{652AED8E-8DB9-4CFF-8657-AB6FD1BB83F6}.Release|Any CPU.ActiveCfg = Release|Any CPU
		{652AED8E-8DB9-4CFF-8657-AB6FD1BB83F6}.Release|Any CPU.Build.0 = Release|Any CPU
		{FEE3CA63-CF54-4F5D-9DA3-D9626EA1D507}.Debug|Any CPU.ActiveCfg = Debug|Any CPU
		{FEE3CA63-CF54-4F5D-9DA3-D9626EA1D507}.Debug|Any CPU.Build.0 = Debug|Any CPU
		{FEE3CA63-CF54-4F5D-9DA3-D9626EA1D507}.Release|Any CPU.ActiveCfg = Release|Any CPU
		{FEE3CA63-CF54-4F5D-9DA3-D9626EA1D507}.Release|Any CPU.Build.0 = Release|Any CPU
		{50DC82CD-382C-4FA1-B5A3-2A1C78812D1A}.Debug|Any CPU.ActiveCfg = Debug|Any CPU
		{50DC82CD-382C-4FA1-B5A3-2A1C78812D1A}.Debug|Any CPU.Build.0 = Debug|Any CPU
		{50DC82CD-382C-4FA1-B5A3-2A1C78812D1A}.Release|Any CPU.ActiveCfg = Release|Any CPU
		{50DC82CD-382C-4FA1-B5A3-2A1C78812D1A}.Release|Any CPU.Build.0 = Release|Any CPU
		{E167DB3D-3261-4567-B8DB-D13AD94A3E62}.Debug|Any CPU.ActiveCfg = Debug|Any CPU
		{E167DB3D-3261-4567-B8DB-D13AD94A3E62}.Debug|Any CPU.Build.0 = Debug|Any CPU
		{E167DB3D-3261-4567-B8DB-D13AD94A3E62}.Release|Any CPU.ActiveCfg = Release|Any CPU
		{E167DB3D-3261-4567-B8DB-D13AD94A3E62}.Release|Any CPU.Build.0 = Release|Any CPU
		{2EC3E265-C344-49D8-9A9E-B23CC467683F}.Debug|Any CPU.ActiveCfg = Debug|Any CPU
		{2EC3E265-C344-49D8-9A9E-B23CC467683F}.Debug|Any CPU.Build.0 = Debug|Any CPU
		{2EC3E265-C344-49D8-9A9E-B23CC467683F}.Release|Any CPU.ActiveCfg = Release|Any CPU
		{2EC3E265-C344-49D8-9A9E-B23CC467683F}.Release|Any CPU.Build.0 = Release|Any CPU
		{F764A2F8-9313-4CA0-9B97-BD6B0A39490B}.Debug|Any CPU.ActiveCfg = Debug|Any CPU
		{F764A2F8-9313-4CA0-9B97-BD6B0A39490B}.Debug|Any CPU.Build.0 = Debug|Any CPU
		{F764A2F8-9313-4CA0-9B97-BD6B0A39490B}.Release|Any CPU.ActiveCfg = Release|Any CPU
		{F764A2F8-9313-4CA0-9B97-BD6B0A39490B}.Release|Any CPU.Build.0 = Release|Any CPU
	EndGlobalSection
	GlobalSection(SolutionProperties) = preSolution
		HideSolutionNode = FALSE
	EndGlobalSection
	GlobalSection(ExtensibilityGlobals) = postSolution
		SolutionGuid = {9C330885-A159-4CB6-ADA0-BB947694C355}
	EndGlobalSection
EndGlobal
